
Microsoft Visual Studio Solution File, Format Version 12.00
# Visual Studio 14
VisualStudioVersion = 14.0.25420.1
MinimumVisualStudioVersion = 10.0.40219.1
Project("{2150E333-8FDC-42A3-9474-1A3956D46DE8}") = "src", "src", "{54B13255-119F-4DCB-A33F-50C225364C87}"
EndProject
Project("{2150E333-8FDC-42A3-9474-1A3956D46DE8}") = "Solution Items", "Solution Items", "{4C976CCE-EE74-4973-A707-EFDD36493971}"
	ProjectSection(SolutionItems) = preProject
		global.json = global.json
	EndProjectSection
EndProject
Project("{8BB2217D-0F2D-49D1-97BC-3654ED321F3B}") = "MvcMovie", "src\MvcMovie\MvcMovie.xproj", "{EF9153DB-7C81-4909-916D-094D78D7EF16}"
EndProject
Global
	GlobalSection(SolutionConfigurationPlatforms) = preSolution
		Debug|Any CPU = Debug|Any CPU
		Release|Any CPU = Release|Any CPU
	EndGlobalSection
	GlobalSection(ProjectConfigurationPlatforms) = postSolution
		{EF9153DB-7C81-4909-916D-094D78D7EF16}.Debug|Any CPU.ActiveCfg = Debug|Any CPU
		{EF9153DB-7C81-4909-916D-094D78D7EF16}.Debug|Any CPU.Build.0 = Debug|Any CPU
		{EF9153DB-7C81-4909-916D-094D78D7EF16}.Release|Any CPU.ActiveCfg = Release|Any CPU
		{EF9153DB-7C81-4909-916D-094D78D7EF16}.Release|Any CPU.Build.0 = Release|Any CPU
	EndGlobalSection
	GlobalSection(SolutionProperties) = preSolution
		HideSolutionNode = FALSE
	EndGlobalSection
	GlobalSection(NestedProjects) = preSolution
		{EF9153DB-7C81-4909-916D-094D78D7EF16} = {54B13255-119F-4DCB-A33F-50C225364C87}
	EndGlobalSection
EndGlobal
